
Microsoft Visual Studio Solution File, Format Version 12.00
Project("{FAE04EC0-301F-11D3-BF4B-00C04F79EFBC}") = "Persistity", "Persistity\Persistity.csproj", "{06AA0F65-2193-4FB1-AB7C-B5503292D056}"
EndProject
Project("{FAE04EC0-301F-11D3-BF4B-00C04F79EFBC}") = "Persistity.Tests", "Persistity.Tests\Persistity.Tests.csproj", "{73B728F5-F919-4B06-B90B-65DB732F2128}"
EndProject
Project("{2150E333-8FDC-42A3-9474-1A3956D46DE8}") = "Framework", "Framework", "{4D08B65C-8B98-45DA-B406-299A3F2A20AA}"
EndProject
Project("{2150E333-8FDC-42A3-9474-1A3956D46DE8}") = "Tests", "Tests", "{3ACEE408-CC3A-4B7D-B91B-EFF2CA050475}"
EndProject
Project("{2150E333-8FDC-42A3-9474-1A3956D46DE8}") = "Extensions", "Extensions", "{5AD8EAA5-6EC6-4167-9FE4-E9B5F3A26247}"
EndProject
Project("{FAE04EC0-301F-11D3-BF4B-00C04F79EFBC}") = "Persistity.Endpoints.Http", "Persistity.Endpoints.Http\Persistity.Endpoints.Http.csproj", "{087F3AB6-AD2A-4B98-9C20-D179F6457E4B}"
EndProject
Project("{FAE04EC0-301F-11D3-BF4B-00C04F79EFBC}") = "Persistity.Endpoints.Database", "Persistity.Endpoints.Database\Persistity.Endpoints.Database.csproj", "{E90755E7-C219-4E0C-A88D-BC96ED57DF1D}"
EndProject
Project("{FAE04EC0-301F-11D3-BF4B-00C04F79EFBC}") = "Persistity.Flow", "Persistity.Flow\Persistity.Flow.csproj", "{F954F2F8-2402-434E-BC0D-CE71895CFB3A}"
EndProject
Project("{FAE04EC0-301F-11D3-BF4B-00C04F79EFBC}") = "Persistity.Wiretap", "Persistity.Wiretap\Persistity.Wiretap.csproj", "{2AC5C966-DE2E-40B7-86BA-5D7398B18744}"
EndProject
Project("{FAE04EC0-301F-11D3-BF4B-00C04F79EFBC}") = "Persistity.Core", "Persistity.Core\Persistity.Core.csproj", "{2CB2C68B-F147-476A-B60D-79D6AEBED49A}"
EndProject
Project("{FAE04EC0-301F-11D3-BF4B-00C04F79EFBC}") = "Persistity.Serializers.Json", "Persistity.Serializers.Json\Persistity.Serializers.Json.csproj", "{E5FB53F0-BC48-4922-A086-8DCA1973B17B}"
EndProject
Project("{FAE04EC0-301F-11D3-BF4B-00C04F79EFBC}") = "Persistity.Serializers.LazyData.Binary", "Persistity.Serializers.LazyData.Binary\Persistity.Serializers.LazyData.Binary.csproj", "{49AC7C05-BCD9-4BEA-AD7F-18B12229CDD6}"
EndProject
Project("{2150E333-8FDC-42A3-9474-1A3956D46DE8}") = "LazyData", "LazyData", "{6B6732DF-90A5-403F-A638-CC1CDF202663}"
EndProject
Project("{FAE04EC0-301F-11D3-BF4B-00C04F79EFBC}") = "Persistity.Serializers.LazyData.Json", "Persistity.Serializers.LazyData.Json\Persistity.Serializers.LazyData.Json.csproj", "{1AACD9FF-8B12-4916-B1F7-417DED38EE9B}"
EndProject
Project("{FAE04EC0-301F-11D3-BF4B-00C04F79EFBC}") = "Persistity.Serializers.LazyData.Xml", "Persistity.Serializers.LazyData.Xml\Persistity.Serializers.LazyData.Xml.csproj", "{BEBAAFB3-A2E7-4540-ABFF-A65D7790A567}"
EndProject
Global
	GlobalSection(SolutionConfigurationPlatforms) = preSolution
		Debug|Any CPU = Debug|Any CPU
		Release|Any CPU = Release|Any CPU
	EndGlobalSection
	GlobalSection(ProjectConfigurationPlatforms) = postSolution
		{06AA0F65-2193-4FB1-AB7C-B5503292D056}.Debug|Any CPU.ActiveCfg = Debug|Any CPU
		{06AA0F65-2193-4FB1-AB7C-B5503292D056}.Debug|Any CPU.Build.0 = Debug|Any CPU
		{06AA0F65-2193-4FB1-AB7C-B5503292D056}.Release|Any CPU.ActiveCfg = Release|Any CPU
		{06AA0F65-2193-4FB1-AB7C-B5503292D056}.Release|Any CPU.Build.0 = Release|Any CPU
		{73B728F5-F919-4B06-B90B-65DB732F2128}.Debug|Any CPU.ActiveCfg = Debug|Any CPU
		{73B728F5-F919-4B06-B90B-65DB732F2128}.Debug|Any CPU.Build.0 = Debug|Any CPU
		{73B728F5-F919-4B06-B90B-65DB732F2128}.Release|Any CPU.ActiveCfg = Release|Any CPU
		{73B728F5-F919-4B06-B90B-65DB732F2128}.Release|Any CPU.Build.0 = Release|Any CPU
		{087F3AB6-AD2A-4B98-9C20-D179F6457E4B}.Debug|Any CPU.ActiveCfg = Debug|Any CPU
		{087F3AB6-AD2A-4B98-9C20-D179F6457E4B}.Debug|Any CPU.Build.0 = Debug|Any CPU
		{087F3AB6-AD2A-4B98-9C20-D179F6457E4B}.Release|Any CPU.ActiveCfg = Release|Any CPU
		{087F3AB6-AD2A-4B98-9C20-D179F6457E4B}.Release|Any CPU.Build.0 = Release|Any CPU
		{E90755E7-C219-4E0C-A88D-BC96ED57DF1D}.Debug|Any CPU.ActiveCfg = Debug|Any CPU
		{E90755E7-C219-4E0C-A88D-BC96ED57DF1D}.Debug|Any CPU.Build.0 = Debug|Any CPU
		{E90755E7-C219-4E0C-A88D-BC96ED57DF1D}.Release|Any CPU.ActiveCfg = Release|Any CPU
		{E90755E7-C219-4E0C-A88D-BC96ED57DF1D}.Release|Any CPU.Build.0 = Release|Any CPU
		{F954F2F8-2402-434E-BC0D-CE71895CFB3A}.Debug|Any CPU.ActiveCfg = Debug|Any CPU
		{F954F2F8-2402-434E-BC0D-CE71895CFB3A}.Debug|Any CPU.Build.0 = Debug|Any CPU
		{F954F2F8-2402-434E-BC0D-CE71895CFB3A}.Release|Any CPU.ActiveCfg = Release|Any CPU
		{F954F2F8-2402-434E-BC0D-CE71895CFB3A}.Release|Any CPU.Build.0 = Release|Any CPU
		{2AC5C966-DE2E-40B7-86BA-5D7398B18744}.Debug|Any CPU.ActiveCfg = Debug|Any CPU
		{2AC5C966-DE2E-40B7-86BA-5D7398B18744}.Debug|Any CPU.Build.0 = Debug|Any CPU
		{2AC5C966-DE2E-40B7-86BA-5D7398B18744}.Release|Any CPU.ActiveCfg = Release|Any CPU
		{2AC5C966-DE2E-40B7-86BA-5D7398B18744}.Release|Any CPU.Build.0 = Release|Any CPU
		{2CB2C68B-F147-476A-B60D-79D6AEBED49A}.Debug|Any CPU.ActiveCfg = Debug|Any CPU
		{2CB2C68B-F147-476A-B60D-79D6AEBED49A}.Debug|Any CPU.Build.0 = Debug|Any CPU
		{2CB2C68B-F147-476A-B60D-79D6AEBED49A}.Release|Any CPU.ActiveCfg = Release|Any CPU
		{2CB2C68B-F147-476A-B60D-79D6AEBED49A}.Release|Any CPU.Build.0 = Release|Any CPU
		{E5FB53F0-BC48-4922-A086-8DCA1973B17B}.Debug|Any CPU.ActiveCfg = Debug|Any CPU
		{E5FB53F0-BC48-4922-A086-8DCA1973B17B}.Debug|Any CPU.Build.0 = Debug|Any CPU
		{E5FB53F0-BC48-4922-A086-8DCA1973B17B}.Release|Any CPU.ActiveCfg = Release|Any CPU
		{E5FB53F0-BC48-4922-A086-8DCA1973B17B}.Release|Any CPU.Build.0 = Release|Any CPU
		{49AC7C05-BCD9-4BEA-AD7F-18B12229CDD6}.Debug|Any CPU.ActiveCfg = Debug|Any CPU
		{49AC7C05-BCD9-4BEA-AD7F-18B12229CDD6}.Debug|Any CPU.Build.0 = Debug|Any CPU
		{49AC7C05-BCD9-4BEA-AD7F-18B12229CDD6}.Release|Any CPU.ActiveCfg = Release|Any CPU
		{49AC7C05-BCD9-4BEA-AD7F-18B12229CDD6}.Release|Any CPU.Build.0 = Release|Any CPU
		{1AACD9FF-8B12-4916-B1F7-417DED38EE9B}.Debug|Any CPU.ActiveCfg = Debug|Any CPU
		{1AACD9FF-8B12-4916-B1F7-417DED38EE9B}.Debug|Any CPU.Build.0 = Debug|Any CPU
		{1AACD9FF-8B12-4916-B1F7-417DED38EE9B}.Release|Any CPU.ActiveCfg = Release|Any CPU
		{1AACD9FF-8B12-4916-B1F7-417DED38EE9B}.Release|Any CPU.Build.0 = Release|Any CPU
		{BEBAAFB3-A2E7-4540-ABFF-A65D7790A567}.Debug|Any CPU.ActiveCfg = Debug|Any CPU
		{BEBAAFB3-A2E7-4540-ABFF-A65D7790A567}.Debug|Any CPU.Build.0 = Debug|Any CPU
		{BEBAAFB3-A2E7-4540-ABFF-A65D7790A567}.Release|Any CPU.ActiveCfg = Release|Any CPU
		{BEBAAFB3-A2E7-4540-ABFF-A65D7790A567}.Release|Any CPU.Build.0 = Release|Any CPU
	EndGlobalSection
	GlobalSection(NestedProjects) = preSolution
		{06AA0F65-2193-4FB1-AB7C-B5503292D056} = {4D08B65C-8B98-45DA-B406-299A3F2A20AA}
		{73B728F5-F919-4B06-B90B-65DB732F2128} = {3ACEE408-CC3A-4B7D-B91B-EFF2CA050475}
		{087F3AB6-AD2A-4B98-9C20-D179F6457E4B} = {5AD8EAA5-6EC6-4167-9FE4-E9B5F3A26247}
		{E90755E7-C219-4E0C-A88D-BC96ED57DF1D} = {5AD8EAA5-6EC6-4167-9FE4-E9B5F3A26247}
		{F954F2F8-2402-434E-BC0D-CE71895CFB3A} = {4D08B65C-8B98-45DA-B406-299A3F2A20AA}
		{2AC5C966-DE2E-40B7-86BA-5D7398B18744} = {4D08B65C-8B98-45DA-B406-299A3F2A20AA}
		{2CB2C68B-F147-476A-B60D-79D6AEBED49A} = {4D08B65C-8B98-45DA-B406-299A3F2A20AA}
		{E5FB53F0-BC48-4922-A086-8DCA1973B17B} = {5AD8EAA5-6EC6-4167-9FE4-E9B5F3A26247}
		{6B6732DF-90A5-403F-A638-CC1CDF202663} = {5AD8EAA5-6EC6-4167-9FE4-E9B5F3A26247}
		{49AC7C05-BCD9-4BEA-AD7F-18B12229CDD6} = {6B6732DF-90A5-403F-A638-CC1CDF202663}
		{1AACD9FF-8B12-4916-B1F7-417DED38EE9B} = {6B6732DF-90A5-403F-A638-CC1CDF202663}
		{BEBAAFB3-A2E7-4540-ABFF-A65D7790A567} = {6B6732DF-90A5-403F-A638-CC1CDF202663}
	EndGlobalSection
EndGlobal
